
Microsoft Visual Studio Solution File, Format Version 12.00
# Visual Studio Version 17
VisualStudioVersion = 17.13.35828.75
MinimumVisualStudioVersion = 10.0.40219.1
Project("{FAE04EC0-301F-11D3-BF4B-00C04F79EFBC}") = "SignalRApi", "SignalRApi\SignalRApi.csproj", "{2F053FAE-6A2B-4BCD-BD7E-D5E06F95C64B}"
EndProject
Project("{FAE04EC0-301F-11D3-BF4B-00C04F79EFBC}") = "SignalRWebUı", "SignalRWebUı\SignalRWebUı.csproj", "{C6C4C3E9-E613-4414-B894-088A07640883}"
EndProject
Project("{FAE04EC0-301F-11D3-BF4B-00C04F79EFBC}") = "SignalR.EntityLayer", "SignalR.EntityLayer\SignalR.EntityLayer.csproj", "{FDC212F4-C6A9-494B-AD3C-3B766D1B67A7}"
EndProject
Global
	GlobalSection(SolutionConfigurationPlatforms) = preSolution
		Debug|Any CPU = Debug|Any CPU
		Release|Any CPU = Release|Any CPU
	EndGlobalSection
	GlobalSection(ProjectConfigurationPlatforms) = postSolution
		{2F053FAE-6A2B-4BCD-BD7E-D5E06F95C64B}.Debug|Any CPU.ActiveCfg = Debug|Any CPU
		{2F053FAE-6A2B-4BCD-BD7E-D5E06F95C64B}.Debug|Any CPU.Build.0 = Debug|Any CPU
		{2F053FAE-6A2B-4BCD-BD7E-D5E06F95C64B}.Release|Any CPU.ActiveCfg = Release|Any CPU
		{2F053FAE-6A2B-4BCD-BD7E-D5E06F95C64B}.Release|Any CPU.Build.0 = Release|Any CPU
		{C6C4C3E9-E613-4414-B894-088A07640883}.Debug|Any CPU.ActiveCfg = Debug|Any CPU
		{C6C4C3E9-E613-4414-B894-088A07640883}.Debug|Any CPU.Build.0 = Debug|Any CPU
		{C6C4C3E9-E613-4414-B894-088A07640883}.Release|Any CPU.ActiveCfg = Release|Any CPU
		{C6C4C3E9-E613-4414-B894-088A07640883}.Release|Any CPU.Build.0 = Release|Any CPU
		{FDC212F4-C6A9-494B-AD3C-3B766D1B67A7}.Debug|Any CPU.ActiveCfg = Debug|Any CPU
		{FDC212F4-C6A9-494B-AD3C-3B766D1B67A7}.Debug|Any CPU.Build.0 = Debug|Any CPU
		{FDC212F4-C6A9-494B-AD3C-3B766D1B67A7}.Release|Any CPU.ActiveCfg = Release|Any CPU
		{FDC212F4-C6A9-494B-AD3C-3B766D1B67A7}.Release|Any CPU.Build.0 = Release|Any CPU
	EndGlobalSection
	GlobalSection(SolutionProperties) = preSolution
		HideSolutionNode = FALSE
	EndGlobalSection
	GlobalSection(ExtensibilityGlobals) = postSolution
		SolutionGuid = {1733FA08-C30B-4670-BB9E-C8A4FAB23701}
	EndGlobalSection
EndGlobal
